
Microsoft Visual Studio Solution File, Format Version 12.00
# Visual Studio Version 16
VisualStudioVersion = 16.0.30907.101
MinimumVisualStudioVersion = 10.0.40219.1
Project("{FAE04EC0-301F-11D3-BF4B-00C04F79EFBC}") = "Ex6", "Ex6\Ex6.csproj", "{1EEAD40E-6255-4BF8-A105-5C8A09543E6A}"
EndProject
Global
	GlobalSection(SolutionConfigurationPlatforms) = preSolution
		Debug|Any CPU = Debug|Any CPU
		Release|Any CPU = Release|Any CPU
	EndGlobalSection
	GlobalSection(ProjectConfigurationPlatforms) = postSolution
		{1EEAD40E-6255-4BF8-A105-5C8A09543E6A}.Debug|Any CPU.ActiveCfg = Debug|Any CPU
		{1EEAD40E-6255-4BF8-A105-5C8A09543E6A}.Debug|Any CPU.Build.0 = Debug|Any CPU
		{1EEAD40E-6255-4BF8-A105-5C8A09543E6A}.Release|Any CPU.ActiveCfg = Release|Any CPU
		{1EEAD40E-6255-4BF8-A105-5C8A09543E6A}.Release|Any CPU.Build.0 = Release|Any CPU
	EndGlobalSection
	GlobalSection(SolutionProperties) = preSolution
		HideSolutionNode = FALSE
	EndGlobalSection
	GlobalSection(ExtensibilityGlobals) = postSolution
		SolutionGuid = {9F20FB0C-21A2-4C71-BACF-01DA43042370}
	EndGlobalSection
EndGlobal
